PODS:
  - Alamofire (5.0.5)
  - SDWebImage (5.9.5):
    - SDWebImage/Core (= 5.9.5)
  - SDWebImage/Core (5.9.5)

DEPENDENCIES:
  - Alamofire (~> 5.0.0-rc.2)
  - SDWebImage

SPEC REPOS:
  trunk:
    - Alamofire
    - SDWebImage

SPEC CHECKSUMS:
  Alamofire: df2f8f826963b08b9a870791ad48e07a10090b2e
  SDWebImage: 0b2ba0d56479bf6a45ecddbfd5558bea93150d25

PODFILE CHECKSUM: 1b31c0b8101dfd9d3f4b504bca4a6dc2b3817a3b

COCOAPODS: 1.8.4
