// !$*UTF8*$!
{
	archiveVersion = 1;
	classes = {
	};
	objectVersion = 56;
	objects = {

/* Begin PBXBuildFile section */
		0A1D970D2BDD177F00E6B2AD /* TeamDetailsViewController.swift in Sources */ = {isa = PBXBuildFile; fileRef = 0A1D970C2BDD177F00E6B2AD /* TeamDetailsViewController.swift */; };
		0A1D97102BDD18FF00E6B2AD /* PlayerCustomCell.swift in Sources */ = {isa = PBXBuildFile; fileRef = 0A1D970F2BDD18FF00E6B2AD /* PlayerCustomCell.swift */; };
		0A26D0572BE2A6CA00F69F1C /* FixturesInteractorTests.swift in Sources */ = {isa = PBXBuildFile; fileRef = 0A26D0562BE2A6CA00F69F1C /* FixturesInteractorTests.swift */; };
		0A26D0592BE2A76E00F69F1C /* FixturesMocking.swift in Sources */ = {isa = PBXBuildFile; fileRef = 0A26D0582BE2A76E00F69F1C /* FixturesMocking.swift */; };
		0A26D05B2BE2A79100F69F1C /* FixturesMockingTest.swift in Sources */ = {isa = PBXBuildFile; fileRef = 0A26D05A2BE2A79100F69F1C /* FixturesMockingTest.swift */; };
		0A26D05E2BE2ACB800F69F1C /* DatabaseTest.swift in Sources */ = {isa = PBXBuildFile; fileRef = 0A26D05D2BE2ACB800F69F1C /* DatabaseTest.swift */; };
		0A7F44092BDAF62100BDB5CA /* FixtureMatchesViewController.swift in Sources */ = {isa = PBXBuildFile; fileRef = 0A7F44082BDAF62100BDB5CA /* FixtureMatchesViewController.swift */; };
		0A7F440B2BDAF74200BDB5CA /* FixtureMatchesCell.swift in Sources */ = {isa = PBXBuildFile; fileRef = 0A7F440A2BDAF74200BDB5CA /* FixtureMatchesCell.swift */; };
		0A7F440D2BDB01E700BDB5CA /* FixturesPresenterProtocol.swift in Sources */ = {isa = PBXBuildFile; fileRef = 0A7F440C2BDB01E700BDB5CA /* FixturesPresenterProtocol.swift */; };
		0A7F440F2BDB01FE00BDB5CA /* FixturesPresenter.swift in Sources */ = {isa = PBXBuildFile; fileRef = 0A7F440E2BDB01FE00BDB5CA /* FixturesPresenter.swift */; };
		0A7F44112BDB026400BDB5CA /* FixturesViewProtocol.swift in Sources */ = {isa = PBXBuildFile; fileRef = 0A7F44102BDB026400BDB5CA /* FixturesViewProtocol.swift */; };
		0A7F44132BDB225600BDB5CA /* FixturesInteractorProtocol.swift in Sources */ = {isa = PBXBuildFile; fileRef = 0A7F44122BDB225600BDB5CA /* FixturesInteractorProtocol.swift */; };
		0A7F44152BDB227700BDB5CA /* FixturesInteractor.swift in Sources */ = {isa = PBXBuildFile; fileRef = 0A7F44142BDB227700BDB5CA /* FixturesInteractor.swift */; };
		0AC747F22BDFCDCC0012622B /* HeaderCollectionReusableView.swift in Sources */ = {isa = PBXBuildFile; fileRef = 0AC747F12BDFCDCC0012622B /* HeaderCollectionReusableView.swift */; };
		0AC747F42BDFDF0D0012622B /* TeamsCustomCell.swift in Sources */ = {isa = PBXBuildFile; fileRef = 0AC747F32BDFDF0D0012622B /* TeamsCustomCell.swift */; };
		0AC747F62BE008B30012622B /* AlertManager.swift in Sources */ = {isa = PBXBuildFile; fileRef = 0AC747F52BE008B30012622B /* AlertManager.swift */; };
		4436CBE50988BD2F8D710DD3 /* Pods_SportsApp.framework in Frameworks */ = {isa = PBXBuildFile; fileRef = 53EE0156598F1920C7541147 /* Pods_SportsApp.framework */; };
		C8022B2C2BDBF3B30064E778 /* Database.swift in Sources */ = {isa = PBXBuildFile; fileRef = C8022B2B2BDBF3B30064E778 /* Database.swift */; };
		C8022B2E2BDBF4000064E778 /* CoreDataDatabase.swift in Sources */ = {isa = PBXBuildFile; fileRef = C8022B2D2BDBF4000064E778 /* CoreDataDatabase.swift */; };
		C8073F2A2BD6C78C0037AD23 /* AppDelegate.swift in Sources */ = {isa = PBXBuildFile; fileRef = C8073F292BD6C78C0037AD23 /* AppDelegate.swift */; };
		C8073F2C2BD6C78C0037AD23 /* SceneDelegate.swift in Sources */ = {isa = PBXBuildFile; fileRef = C8073F2B2BD6C78C0037AD23 /* SceneDelegate.swift */; };
		C8073F2E2BD6C78C0037AD23 /* ViewController.swift in Sources */ = {isa = PBXBuildFile; fileRef = C8073F2D2BD6C78C0037AD23 /* ViewController.swift */; };
		C8073F312BD6C78C0037AD23 /* Main.storyboard in Resources */ = {isa = PBXBuildFile; fileRef = C8073F2F2BD6C78C0037AD23 /* Main.storyboard */; };
		C8073F342BD6C78C0037AD23 /* SportsApp.xcdatamodeld in Sources */ = {isa = PBXBuildFile; fileRef = C8073F322BD6C78C0037AD23 /* SportsApp.xcdatamodeld */; };
		C8073F362BD6C78E0037AD23 /* Assets.xcassets in Resources */ = {isa = PBXBuildFile; fileRef = C8073F352BD6C78E0037AD23 /* Assets.xcassets */; };
		C8073F392BD6C78E0037AD23 /* LaunchScreen.storyboard in Resources */ = {isa = PBXBuildFile; fileRef = C8073F372BD6C78E0037AD23 /* LaunchScreen.storyboard */; };
		C807B6CD2BE28C740017CA33 /* ResponseWithError.swift in Sources */ = {isa = PBXBuildFile; fileRef = C807B6CC2BE28C740017CA33 /* ResponseWithError.swift */; };
		C807B6CF2BE28F490017CA33 /* MockTeamNetworkServices.swift in Sources */ = {isa = PBXBuildFile; fileRef = C807B6CE2BE28F490017CA33 /* MockTeamNetworkServices.swift */; };
		C807B6D32BE291440017CA33 /* MockTeamNetworkServiceTest.swift in Sources */ = {isa = PBXBuildFile; fileRef = C807B6D22BE291440017CA33 /* MockTeamNetworkServiceTest.swift */; };
		C82608EE2BD8375500993479 /* SportsCollectionViewCell.swift in Sources */ = {isa = PBXBuildFile; fileRef = C82608EC2BD8375500993479 /* SportsCollectionViewCell.swift */; };
		C82608EF2BD8375500993479 /* SportsCollectionViewCell.xib in Resources */ = {isa = PBXBuildFile; fileRef = C82608ED2BD8375500993479 /* SportsCollectionViewCell.xib */; };
		C86482A12BD84E3C002C7797 /* SportItem.swift in Sources */ = {isa = PBXBuildFile; fileRef = C86482A02BD84E3C002C7797 /* SportItem.swift */; };
		C882032C2BDA45FB00A36B05 /* SportsPresenter.swift in Sources */ = {isa = PBXBuildFile; fileRef = C882032B2BDA45FB00A36B05 /* SportsPresenter.swift */; };
		C882032E2BDA4A4C00A36B05 /* SportsPresenterImp.swift in Sources */ = {isa = PBXBuildFile; fileRef = C882032D2BDA4A4C00A36B05 /* SportsPresenterImp.swift */; };
		C88203312BDA563F00A36B05 /* LeaguesTableViewController.swift in Sources */ = {isa = PBXBuildFile; fileRef = C88203302BDA563F00A36B05 /* LeaguesTableViewController.swift */; };
		C88203332BDA573900A36B05 /* Constants.swift in Sources */ = {isa = PBXBuildFile; fileRef = C88203322BDA573900A36B05 /* Constants.swift */; };
		C88203352BDA582300A36B05 /* Sport.swift in Sources */ = {isa = PBXBuildFile; fileRef = C88203342BDA582300A36B05 /* Sport.swift */; };
		C8A867D92BDD3E33001491E9 /* ImageAndLabelTableViewCell.swift in Sources */ = {isa = PBXBuildFile; fileRef = C8A867D82BDD3E33001491E9 /* ImageAndLabelTableViewCell.swift */; };
		C8A867DB2BDD3E9F001491E9 /* FavLeaguesTableViewController.swift in Sources */ = {isa = PBXBuildFile; fileRef = C8A867DA2BDD3E9F001491E9 /* FavLeaguesTableViewController.swift */; };
		C8AA43912BDC1C73006FF160 /* TeamInteractor.swift in Sources */ = {isa = PBXBuildFile; fileRef = C8AA43902BDC1C73006FF160 /* TeamInteractor.swift */; };
		C8AA43932BDC1CC3006FF160 /* TeamInteractorImp.swift in Sources */ = {isa = PBXBuildFile; fileRef = C8AA43922BDC1CC3006FF160 /* TeamInteractorImp.swift */; };
		C8AAFF842BE13C9E0048369C /* League.swift in Sources */ = {isa = PBXBuildFile; fileRef = C8AAFF832BE13C9E0048369C /* League.swift */; };
		C8AAFF882BE1404D0048369C /* Team.swift in Sources */ = {isa = PBXBuildFile; fileRef = C8AAFF872BE1404D0048369C /* Team.swift */; };
		C8AAFF8A2BE1408B0048369C /* Fixture.swift in Sources */ = {isa = PBXBuildFile; fileRef = C8AAFF892BE1408B0048369C /* Fixture.swift */; };
		C8AAFF8C2BE141320048369C /* TeamDetails.swift in Sources */ = {isa = PBXBuildFile; fileRef = C8AAFF8B2BE141320048369C /* TeamDetails.swift */; };
		C8AF10D72BE2684D0049FD1D /* SportsAppTests.swift in Sources */ = {isa = PBXBuildFile; fileRef = C8AF10D62BE2684D0049FD1D /* SportsAppTests.swift */; };
		C8AF10DE2BE269B10049FD1D /* LeaguesInteractorTests.swift in Sources */ = {isa = PBXBuildFile; fileRef = C8AF10DD2BE269B10049FD1D /* LeaguesInteractorTests.swift */; };
		C8AF10E02BE26E350049FD1D /* MockLeagueNetworkServices.swift in Sources */ = {isa = PBXBuildFile; fileRef = C8AF10DF2BE26E350049FD1D /* MockLeagueNetworkServices.swift */; };
		C8AF10E22BE272670049FD1D /* MockLeagueNetworkServiceTest.swift in Sources */ = {isa = PBXBuildFile; fileRef = C8AF10E12BE272670049FD1D /* MockLeagueNetworkServiceTest.swift */; };
		C8AF10E72BE282F20049FD1D /* TeamsInteractorTests.swift in Sources */ = {isa = PBXBuildFile; fileRef = C8AF10E62BE282F20049FD1D /* TeamsInteractorTests.swift */; };
		C8B0E23F2BDD70C200505740 /* FavoriteLeaguesPresenter.swift in Sources */ = {isa = PBXBuildFile; fileRef = C8B0E23E2BDD70C200505740 /* FavoriteLeaguesPresenter.swift */; };
		C8B0E2412BDD713400505740 /* FavoriteLeaguesPresenterImpl.swift in Sources */ = {isa = PBXBuildFile; fileRef = C8B0E2402BDD713400505740 /* FavoriteLeaguesPresenterImpl.swift */; };
		C8B179332BDEBC120067F5B3 /* NetworkIndicator.swift in Sources */ = {isa = PBXBuildFile; fileRef = C8B179322BDEBC120067F5B3 /* NetworkIndicator.swift */; };
		C8B179352BDED9F90067F5B3 /* Pacifico-Regular.ttf in Resources */ = {isa = PBXBuildFile; fileRef = C8B179342BDED9F90067F5B3 /* Pacifico-Regular.ttf */; };
		C8B1A7F02BDA6D50004E794E /* LeaguesPresenter.swift in Sources */ = {isa = PBXBuildFile; fileRef = C8B1A7EF2BDA6D50004E794E /* LeaguesPresenter.swift */; };
		C8B1A7F22BDA6D65004E794E /* LeaguesPresenterImp.swift in Sources */ = {isa = PBXBuildFile; fileRef = C8B1A7F12BDA6D65004E794E /* LeaguesPresenterImp.swift */; };
		C8B1A7F52BDA7034004E794E /* LeaguesInteractor.swift in Sources */ = {isa = PBXBuildFile; fileRef = C8B1A7F42BDA7034004E794E /* LeaguesInteractor.swift */; };
		C8B1A7F72BDA7124004E794E /* LeaguesInteractorImp.swift in Sources */ = {isa = PBXBuildFile; fileRef = C8B1A7F62BDA7124004E794E /* LeaguesInteractorImp.swift */; };
		C8B1A7F92BDA79BE004E794E /* NetworkError.swift in Sources */ = {isa = PBXBuildFile; fileRef = C8B1A7F82BDA79BE004E794E /* NetworkError.swift */; };
		C8B852562BDAA4C60044800E /* UIView+Extensions.swift in Sources */ = {isa = PBXBuildFile; fileRef = C8B852552BDAA4C60044800E /* UIView+Extensions.swift */; };
		C8CD6E6A2BDEA233006CDE4D /* CellCustomHeader+Extension.swift in Sources */ = {isa = PBXBuildFile; fileRef = C8CD6E692BDEA233006CDE4D /* CellCustomHeader+Extension.swift */; };
		C8CD6E6E2BDEA60D006CDE4D /* LeagueTableViewCell.swift in Sources */ = {isa = PBXBuildFile; fileRef = C8CD6E6D2BDEA60D006CDE4D /* LeagueTableViewCell.swift */; };
/* End PBXBuildFile section */

/* Begin PBXContainerItemProxy section */
		C8AF10D82BE2684D0049FD1D /* PBXContainerItemProxy */ = {
			isa = PBXContainerItemProxy;
			containerPortal = C8073F1E2BD6C78C0037AD23 /* Project object */;
			proxyType = 1;
			remoteGlobalIDString = C8073F252BD6C78C0037AD23;
			remoteInfo = SportsApp;
		};
/* End PBXContainerItemProxy section */

/* Begin PBXFileReference section */
		0A1D970C2BDD177F00E6B2AD /* TeamDetailsViewController.swift */ = {isa = PBXFileReference; lastKnownFileType = sourcecode.swift; path = TeamDetailsViewController.swift; sourceTree = "<group>"; };
		0A1D970F2BDD18FF00E6B2AD /* PlayerCustomCell.swift */ = {isa = PBXFileReference; lastKnownFileType = sourcecode.swift; path = PlayerCustomCell.swift; sourceTree = "<group>"; };
		0A26D0562BE2A6CA00F69F1C /* FixturesInteractorTests.swift */ = {isa = PBXFileReference; lastKnownFileType = sourcecode.swift; path = FixturesInteractorTests.swift; sourceTree = "<group>"; };
		0A26D0582BE2A76E00F69F1C /* FixturesMocking.swift */ = {isa = PBXFileReference; lastKnownFileType = sourcecode.swift; path = FixturesMocking.swift; sourceTree = "<group>"; };
		0A26D05A2BE2A79100F69F1C /* FixturesMockingTest.swift */ = {isa = PBXFileReference; lastKnownFileType = sourcecode.swift; path = FixturesMockingTest.swift; sourceTree = "<group>"; };
		0A26D05D2BE2ACB800F69F1C /* DatabaseTest.swift */ = {isa = PBXFileReference; lastKnownFileType = sourcecode.swift; path = DatabaseTest.swift; sourceTree = "<group>"; };
		0A7F44082BDAF62100BDB5CA /* FixtureMatchesViewController.swift */ = {isa = PBXFileReference; lastKnownFileType = sourcecode.swift; path = FixtureMatchesViewController.swift; sourceTree = "<group>"; };
		0A7F440A2BDAF74200BDB5CA /* FixtureMatchesCell.swift */ = {isa = PBXFileReference; lastKnownFileType = sourcecode.swift; path = FixtureMatchesCell.swift; sourceTree = "<group>"; };
		0A7F440C2BDB01E700BDB5CA /* FixturesPresenterProtocol.swift */ = {isa = PBXFileReference; lastKnownFileType = sourcecode.swift; path = FixturesPresenterProtocol.swift; sourceTree = "<group>"; };
		0A7F440E2BDB01FE00BDB5CA /* FixturesPresenter.swift */ = {isa = PBXFileReference; lastKnownFileType = sourcecode.swift; path = FixturesPresenter.swift; sourceTree = "<group>"; };
		0A7F44102BDB026400BDB5CA /* FixturesViewProtocol.swift */ = {isa = PBXFileReference; lastKnownFileType = sourcecode.swift; path = FixturesViewProtocol.swift; sourceTree = "<group>"; };
		0A7F44122BDB225600BDB5CA /* FixturesInteractorProtocol.swift */ = {isa = PBXFileReference; lastKnownFileType = sourcecode.swift; path = FixturesInteractorProtocol.swift; sourceTree = "<group>"; };
		0A7F44142BDB227700BDB5CA /* FixturesInteractor.swift */ = {isa = PBXFileReference; lastKnownFileType = sourcecode.swift; path = FixturesInteractor.swift; sourceTree = "<group>"; };
		0AC747F12BDFCDCC0012622B /* HeaderCollectionReusableView.swift */ = {isa = PBXFileReference; lastKnownFileType = sourcecode.swift; path = HeaderCollectionReusableView.swift; sourceTree = "<group>"; };
		0AC747F32BDFDF0D0012622B /* TeamsCustomCell.swift */ = {isa = PBXFileReference; lastKnownFileType = sourcecode.swift; path = TeamsCustomCell.swift; sourceTree = "<group>"; };
		0AC747F52BE008B30012622B /* AlertManager.swift */ = {isa = PBXFileReference; lastKnownFileType = sourcecode.swift; path = AlertManager.swift; sourceTree = "<group>"; };
		4B289192DA853CDAC5F1963A /* Pods-SportsApp.debug.xcconfig */ = {isa = PBXFileReference; includeInIndex = 1; lastKnownFileType = text.xcconfig; name = "Pods-SportsApp.debug.xcconfig"; path = "Target Support Files/Pods-SportsApp/Pods-SportsApp.debug.xcconfig"; sourceTree = "<group>"; };
		4EAC5BC06C3654A6EA8CDACD /* Pods-SportsApp.release.xcconfig */ = {isa = PBXFileReference; includeInIndex = 1; lastKnownFileType = text.xcconfig; name = "Pods-SportsApp.release.xcconfig"; path = "Target Support Files/Pods-SportsApp/Pods-SportsApp.release.xcconfig"; sourceTree = "<group>"; };
		53EE0156598F1920C7541147 /* Pods_SportsApp.framework */ = {isa = PBXFileReference; explicitFileType = wrapper.framework; includeInIndex = 0; path = Pods_SportsApp.framework; sourceTree = BUILT_PRODUCTS_DIR; };
		C8022B2B2BDBF3B30064E778 /* Database.swift */ = {isa = PBXFileReference; lastKnownFileType = sourcecode.swift; path = Database.swift; sourceTree = "<group>"; };
		C8022B2D2BDBF4000064E778 /* CoreDataDatabase.swift */ = {isa = PBXFileReference; lastKnownFileType = sourcecode.swift; path = CoreDataDatabase.swift; sourceTree = "<group>"; };
		C8073F262BD6C78C0037AD23 /* SportsApp.app */ = {isa = PBXFileReference; explicitFileType = wrapper.application; includeInIndex = 0; path = SportsApp.app; sourceTree = BUILT_PRODUCTS_DIR; };
		C8073F292BD6C78C0037AD23 /* AppDelegate.swift */ = {isa = PBXFileReference; lastKnownFileType = sourcecode.swift; path = AppDelegate.swift; sourceTree = "<group>"; };
		C8073F2B2BD6C78C0037AD23 /* SceneDelegate.swift */ = {isa = PBXFileReference; lastKnownFileType = sourcecode.swift; path = SceneDelegate.swift; sourceTree = "<group>"; };
		C8073F2D2BD6C78C0037AD23 /* ViewController.swift */ = {isa = PBXFileReference; lastKnownFileType = sourcecode.swift; path = ViewController.swift; sourceTree = "<group>"; };
		C8073F302BD6C78C0037AD23 /* Base */ = {isa = PBXFileReference; lastKnownFileType = file.storyboard; name = Base; path = Base.lproj/Main.storyboard; sourceTree = "<group>"; };
		C8073F332BD6C78C0037AD23 /* SportsApp.xcdatamodel */ = {isa = PBXFileReference; lastKnownFileType = wrapper.xcdatamodel; path = SportsApp.xcdatamodel; sourceTree = "<group>"; };
		C8073F352BD6C78E0037AD23 /* Assets.xcassets */ = {isa = PBXFileReference; lastKnownFileType = folder.assetcatalog; path = Assets.xcassets; sourceTree = "<group>"; };
		C8073F382BD6C78E0037AD23 /* Base */ = {isa = PBXFileReference; lastKnownFileType = file.storyboard; name = Base; path = Base.lproj/LaunchScreen.storyboard; sourceTree = "<group>"; };
		C8073F3A2BD6C78E0037AD23 /* Info.plist */ = {isa = PBXFileReference; lastKnownFileType = text.plist.xml; path = Info.plist; sourceTree = "<group>"; };
		C807B6CC2BE28C740017CA33 /* ResponseWithError.swift */ = {isa = PBXFileReference; lastKnownFileType = sourcecode.swift; path = ResponseWithError.swift; sourceTree = "<group>"; };
		C807B6CE2BE28F490017CA33 /* MockTeamNetworkServices.swift */ = {isa = PBXFileReference; lastKnownFileType = sourcecode.swift; path = MockTeamNetworkServices.swift; sourceTree = "<group>"; };
		C807B6D22BE291440017CA33 /* MockTeamNetworkServiceTest.swift */ = {isa = PBXFileReference; lastKnownFileType = sourcecode.swift; path = MockTeamNetworkServiceTest.swift; sourceTree = "<group>"; };
		C82608EC2BD8375500993479 /* SportsCollectionViewCell.swift */ = {isa = PBXFileReference; lastKnownFileType = sourcecode.swift; path = SportsCollectionViewCell.swift; sourceTree = "<group>"; };
		C82608ED2BD8375500993479 /* SportsCollectionViewCell.xib */ = {isa = PBXFileReference; lastKnownFileType = file.xib; path = SportsCollectionViewCell.xib; sourceTree = "<group>"; };
		C86482A02BD84E3C002C7797 /* SportItem.swift */ = {isa = PBXFileReference; lastKnownFileType = sourcecode.swift; path = SportItem.swift; sourceTree = "<group>"; };
		C882032B2BDA45FB00A36B05 /* SportsPresenter.swift */ = {isa = PBXFileReference; lastKnownFileType = sourcecode.swift; path = SportsPresenter.swift; sourceTree = "<group>"; };
		C882032D2BDA4A4C00A36B05 /* SportsPresenterImp.swift */ = {isa = PBXFileReference; lastKnownFileType = sourcecode.swift; path = SportsPresenterImp.swift; sourceTree = "<group>"; };
		C88203302BDA563F00A36B05 /* LeaguesTableViewController.swift */ = {isa = PBXFileReference; lastKnownFileType = sourcecode.swift; path = LeaguesTableViewController.swift; sourceTree = "<group>"; };
		C88203322BDA573900A36B05 /* Constants.swift */ = {isa = PBXFileReference; lastKnownFileType = sourcecode.swift; path = Constants.swift; sourceTree = "<group>"; };
		C88203342BDA582300A36B05 /* Sport.swift */ = {isa = PBXFileReference; lastKnownFileType = sourcecode.swift; path = Sport.swift; sourceTree = "<group>"; };
		C8A867D82BDD3E33001491E9 /* ImageAndLabelTableViewCell.swift */ = {isa = PBXFileReference; lastKnownFileType = sourcecode.swift; path = ImageAndLabelTableViewCell.swift; sourceTree = "<group>"; };
		C8A867DA2BDD3E9F001491E9 /* FavLeaguesTableViewController.swift */ = {isa = PBXFileReference; lastKnownFileType = sourcecode.swift; path = FavLeaguesTableViewController.swift; sourceTree = "<group>"; };
		C8AA43902BDC1C73006FF160 /* TeamInteractor.swift */ = {isa = PBXFileReference; lastKnownFileType = sourcecode.swift; path = TeamInteractor.swift; sourceTree = "<group>"; };
		C8AA43922BDC1CC3006FF160 /* TeamInteractorImp.swift */ = {isa = PBXFileReference; lastKnownFileType = sourcecode.swift; path = TeamInteractorImp.swift; sourceTree = "<group>"; };
		C8AAFF832BE13C9E0048369C /* League.swift */ = {isa = PBXFileReference; lastKnownFileType = sourcecode.swift; path = League.swift; sourceTree = "<group>"; };
		C8AAFF872BE1404D0048369C /* Team.swift */ = {isa = PBXFileReference; lastKnownFileType = sourcecode.swift; path = Team.swift; sourceTree = "<group>"; };
		C8AAFF892BE1408B0048369C /* Fixture.swift */ = {isa = PBXFileReference; lastKnownFileType = sourcecode.swift; path = Fixture.swift; sourceTree = "<group>"; };
		C8AAFF8B2BE141320048369C /* TeamDetails.swift */ = {isa = PBXFileReference; lastKnownFileType = sourcecode.swift; path = TeamDetails.swift; sourceTree = "<group>"; };
		C8AF10D42BE2684D0049FD1D /* SportsAppTests.xctest */ = {isa = PBXFileReference; explicitFileType = wrapper.cfbundle; includeInIndex = 0; path = SportsAppTests.xctest; sourceTree = BUILT_PRODUCTS_DIR; };
		C8AF10D62BE2684D0049FD1D /* SportsAppTests.swift */ = {isa = PBXFileReference; lastKnownFileType = sourcecode.swift; path = SportsAppTests.swift; sourceTree = "<group>"; };
		C8AF10DD2BE269B10049FD1D /* LeaguesInteractorTests.swift */ = {isa = PBXFileReference; lastKnownFileType = sourcecode.swift; path = LeaguesInteractorTests.swift; sourceTree = "<group>"; };
		C8AF10DF2BE26E350049FD1D /* MockLeagueNetworkServices.swift */ = {isa = PBXFileReference; lastKnownFileType = sourcecode.swift; path = MockLeagueNetworkServices.swift; sourceTree = "<group>"; };
		C8AF10E12BE272670049FD1D /* MockLeagueNetworkServiceTest.swift */ = {isa = PBXFileReference; lastKnownFileType = sourcecode.swift; path = MockLeagueNetworkServiceTest.swift; sourceTree = "<group>"; };
		C8AF10E62BE282F20049FD1D /* TeamsInteractorTests.swift */ = {isa = PBXFileReference; lastKnownFileType = sourcecode.swift; path = TeamsInteractorTests.swift; sourceTree = "<group>"; };
		C8B0E23E2BDD70C200505740 /* FavoriteLeaguesPresenter.swift */ = {isa = PBXFileReference; lastKnownFileType = sourcecode.swift; path = FavoriteLeaguesPresenter.swift; sourceTree = "<group>"; };
		C8B0E2402BDD713400505740 /* FavoriteLeaguesPresenterImpl.swift */ = {isa = PBXFileReference; lastKnownFileType = sourcecode.swift; path = FavoriteLeaguesPresenterImpl.swift; sourceTree = "<group>"; };
		C8B179322BDEBC120067F5B3 /* NetworkIndicator.swift */ = {isa = PBXFileReference; lastKnownFileType = sourcecode.swift; path = NetworkIndicator.swift; sourceTree = "<group>"; };
		C8B179342BDED9F90067F5B3 /* Pacifico-Regular.ttf */ = {isa = PBXFileReference; lastKnownFileType = file; path = "Pacifico-Regular.ttf"; sourceTree = "<group>"; };
		C8B1A7EF2BDA6D50004E794E /* LeaguesPresenter.swift */ = {isa = PBXFileReference; lastKnownFileType = sourcecode.swift; path = LeaguesPresenter.swift; sourceTree = "<group>"; };
		C8B1A7F12BDA6D65004E794E /* LeaguesPresenterImp.swift */ = {isa = PBXFileReference; lastKnownFileType = sourcecode.swift; path = LeaguesPresenterImp.swift; sourceTree = "<group>"; };
		C8B1A7F42BDA7034004E794E /* LeaguesInteractor.swift */ = {isa = PBXFileReference; lastKnownFileType = sourcecode.swift; path = LeaguesInteractor.swift; sourceTree = "<group>"; };
		C8B1A7F62BDA7124004E794E /* LeaguesInteractorImp.swift */ = {isa = PBXFileReference; lastKnownFileType = sourcecode.swift; path = LeaguesInteractorImp.swift; sourceTree = "<group>"; };
		C8B1A7F82BDA79BE004E794E /* NetworkError.swift */ = {isa = PBXFileReference; lastKnownFileType = sourcecode.swift; path = NetworkError.swift; sourceTree = "<group>"; };
		C8B852552BDAA4C60044800E /* UIView+Extensions.swift */ = {isa = PBXFileReference; lastKnownFileType = sourcecode.swift; path = "UIView+Extensions.swift"; sourceTree = "<group>"; };
		C8CD6E692BDEA233006CDE4D /* CellCustomHeader+Extension.swift */ = {isa = PBXFileReference; lastKnownFileType = sourcecode.swift; path = "CellCustomHeader+Extension.swift"; sourceTree = "<group>"; };
		C8CD6E6D2BDEA60D006CDE4D /* LeagueTableViewCell.swift */ = {isa = PBXFileReference; lastKnownFileType = sourcecode.swift; path = LeagueTableViewCell.swift; sourceTree = "<group>"; };
/* End PBXFileReference section */

/* Begin PBXFrameworksBuildPhase section */
		C8073F232BD6C78C0037AD23 /* Frameworks */ = {
			isa = PBXFrameworksBuildPhase;
			buildActionMask = 2147483647;
			files = (
				4436CBE50988BD2F8D710DD3 /* Pods_SportsApp.framework in Frameworks */,
			);
			runOnlyForDeploymentPostprocessing = 0;
		};
		C8AF10D12BE2684D0049FD1D /* Frameworks */ = {
			isa = PBXFrameworksBuildPhase;
			buildActionMask = 2147483647;
			files = (
			);
			runOnlyForDeploymentPostprocessing = 0;
		};
/* End PBXFrameworksBuildPhase section */

/* Begin PBXGroup section */
		0A1D970E2BDD18CF00E6B2AD /* TeamDetails */ = {
			isa = PBXGroup;
			children = (
				0A1D970C2BDD177F00E6B2AD /* TeamDetailsViewController.swift */,
				0A1D970F2BDD18FF00E6B2AD /* PlayerCustomCell.swift */,
			);
			path = TeamDetails;
			sourceTree = "<group>";
		};
		0A26D0552BE2A69500F69F1C /* FixturesTest */ = {
			isa = PBXGroup;
			children = (
				0A26D0562BE2A6CA00F69F1C /* FixturesInteractorTests.swift */,
				0A26D0582BE2A76E00F69F1C /* FixturesMocking.swift */,
				0A26D05A2BE2A79100F69F1C /* FixturesMockingTest.swift */,
			);
			path = FixturesTest;
			sourceTree = "<group>";
		};
		0A26D05C2BE2AC5800F69F1C /* DatabaseTest */ = {
			isa = PBXGroup;
			children = (
				0A26D05D2BE2ACB800F69F1C /* DatabaseTest.swift */,
			);
			path = DatabaseTest;
			sourceTree = "<group>";
		};
		0A7F44052BDAE5F600BDB5CA /* Fixtures */ = {
			isa = PBXGroup;
			children = (
				0A7F44102BDB026400BDB5CA /* FixturesViewProtocol.swift */,
				0A7F44082BDAF62100BDB5CA /* FixtureMatchesViewController.swift */,
				0A7F440A2BDAF74200BDB5CA /* FixtureMatchesCell.swift */,
				0AC747F12BDFCDCC0012622B /* HeaderCollectionReusableView.swift */,
				0AC747F32BDFDF0D0012622B /* TeamsCustomCell.swift */,
			);
			path = Fixtures;
			sourceTree = "<group>";
		};
		336853A8BDE1633AC6AEE081 /* Frameworks */ = {
			isa = PBXGroup;
			children = (
				53EE0156598F1920C7541147 /* Pods_SportsApp.framework */,
			);
			name = Frameworks;
			sourceTree = "<group>";
		};
		7E5B830DDA400D76E9CC1E04 /* Pods */ = {
			isa = PBXGroup;
			children = (
				4B289192DA853CDAC5F1963A /* Pods-SportsApp.debug.xcconfig */,
				4EAC5BC06C3654A6EA8CDACD /* Pods-SportsApp.release.xcconfig */,
			);
			path = Pods;
			sourceTree = "<group>";
		};
		C8073F1D2BD6C78C0037AD23 = {
			isa = PBXGroup;
			children = (
				C8B179342BDED9F90067F5B3 /* Pacifico-Regular.ttf */,
				C8073F282BD6C78C0037AD23 /* SportsApp */,
				C8AF10D52BE2684D0049FD1D /* SportsAppTests */,
				C8073F272BD6C78C0037AD23 /* Products */,
				7E5B830DDA400D76E9CC1E04 /* Pods */,
				336853A8BDE1633AC6AEE081 /* Frameworks */,
			);
			sourceTree = "<group>";
		};
		C8073F272BD6C78C0037AD23 /* Products */ = {
			isa = PBXGroup;
			children = (
				C8073F262BD6C78C0037AD23 /* SportsApp.app */,
				C8AF10D42BE2684D0049FD1D /* SportsAppTests.xctest */,
			);
			name = Products;
			sourceTree = "<group>";
		};
		C8073F282BD6C78C0037AD23 /* SportsApp */ = {
			isa = PBXGroup;
			children = (
				C8B852542BDAA3FB0044800E /* Extensions */,
				C8B1A7F32BDA700A004E794E /* Interactor */,
				C882032A2BDA459700A36B05 /* Presenters */,
				C864829F2BD84E21002C7797 /* Model */,
				C82608EB2BD836C600993479 /* Views */,
				C8073F292BD6C78C0037AD23 /* AppDelegate.swift */,
				C8073F2B2BD6C78C0037AD23 /* SceneDelegate.swift */,
				C8073F2F2BD6C78C0037AD23 /* Main.storyboard */,
				C8073F352BD6C78E0037AD23 /* Assets.xcassets */,
				C8073F372BD6C78E0037AD23 /* LaunchScreen.storyboard */,
				C8073F3A2BD6C78E0037AD23 /* Info.plist */,
				C8073F322BD6C78C0037AD23 /* SportsApp.xcdatamodeld */,
				C88203322BDA573900A36B05 /* Constants.swift */,
				C88203342BDA582300A36B05 /* Sport.swift */,
				C8B1A7F82BDA79BE004E794E /* NetworkError.swift */,
				0AC747F52BE008B30012622B /* AlertManager.swift */,
			);
			path = SportsApp;
			sourceTree = "<group>";
		};
		C82608EB2BD836C600993479 /* Views */ = {
			isa = PBXGroup;
			children = (
				C8CD6E6C2BDEA5E4006CDE4D /* Leagues */,
				C8CD6E6B2BDEA5B0006CDE4D /* FavLeagues */,
				0A1D970E2BDD18CF00E6B2AD /* TeamDetails */,
				0A7F44052BDAE5F600BDB5CA /* Fixtures */,
				C882032F2BDA559F00A36B05 /* Home */,
				C8B179322BDEBC120067F5B3 /* NetworkIndicator.swift */,
			);
			path = Views;
			sourceTree = "<group>";
		};
		C864829F2BD84E21002C7797 /* Model */ = {
			isa = PBXGroup;
			children = (
				C86482A02BD84E3C002C7797 /* SportItem.swift */,
				C8AAFF832BE13C9E0048369C /* League.swift */,
				C8AAFF872BE1404D0048369C /* Team.swift */,
				C8AAFF892BE1408B0048369C /* Fixture.swift */,
				C8AAFF8B2BE141320048369C /* TeamDetails.swift */,
			);
			path = Model;
			sourceTree = "<group>";
		};
		C882032A2BDA459700A36B05 /* Presenters */ = {
			isa = PBXGroup;
			children = (
				C882032B2BDA45FB00A36B05 /* SportsPresenter.swift */,
				C882032D2BDA4A4C00A36B05 /* SportsPresenterImp.swift */,
				C8B1A7EF2BDA6D50004E794E /* LeaguesPresenter.swift */,
				C8B1A7F12BDA6D65004E794E /* LeaguesPresenterImp.swift */,
				0A7F440C2BDB01E700BDB5CA /* FixturesPresenterProtocol.swift */,
				0A7F440E2BDB01FE00BDB5CA /* FixturesPresenter.swift */,
				C8B0E23E2BDD70C200505740 /* FavoriteLeaguesPresenter.swift */,
				C8B0E2402BDD713400505740 /* FavoriteLeaguesPresenterImpl.swift */,
			);
			path = Presenters;
			sourceTree = "<group>";
		};
		C882032F2BDA559F00A36B05 /* Home */ = {
			isa = PBXGroup;
			children = (
				C82608ED2BD8375500993479 /* SportsCollectionViewCell.xib */,
				C8073F2D2BD6C78C0037AD23 /* ViewController.swift */,
				C82608EC2BD8375500993479 /* SportsCollectionViewCell.swift */,
			);
			path = Home;
			sourceTree = "<group>";
		};
		C8AA43942BDC253C006FF160 /* DB */ = {
			isa = PBXGroup;
			children = (
				C8022B2B2BDBF3B30064E778 /* Database.swift */,
				C8022B2D2BDBF4000064E778 /* CoreDataDatabase.swift */,
			);
			path = DB;
			sourceTree = "<group>";
		};
		C8AA43952BDC2556006FF160 /* Network */ = {
			isa = PBXGroup;
			children = (
				C8AA43922BDC1CC3006FF160 /* TeamInteractorImp.swift */,
				C8AA43902BDC1C73006FF160 /* TeamInteractor.swift */,
				0A7F44142BDB227700BDB5CA /* FixturesInteractor.swift */,
				0A7F44122BDB225600BDB5CA /* FixturesInteractorProtocol.swift */,
				C8B1A7F62BDA7124004E794E /* LeaguesInteractorImp.swift */,
				C8B1A7F42BDA7034004E794E /* LeaguesInteractor.swift */,
			);
			path = Network;
			sourceTree = "<group>";
		};
		C8AF10D52BE2684D0049FD1D /* SportsAppTests */ = {
			isa = PBXGroup;
			children = (
				0A26D05C2BE2AC5800F69F1C /* DatabaseTest */,
				0A26D0552BE2A69500F69F1C /* FixturesTest */,
				C8AF10E82BE282FD0049FD1D /* LeagueTest */,
				C8AF10E52BE282D90049FD1D /* TeamTest */,
				C8AF10D62BE2684D0049FD1D /* SportsAppTests.swift */,
				C807B6CC2BE28C740017CA33 /* ResponseWithError.swift */,
			);
			path = SportsAppTests;
			sourceTree = "<group>";
		};
		C8AF10E52BE282D90049FD1D /* TeamTest */ = {
			isa = PBXGroup;
			children = (
				C8AF10E62BE282F20049FD1D /* TeamsInteractorTests.swift */,
				C807B6CE2BE28F490017CA33 /* MockTeamNetworkServices.swift */,
				C807B6D22BE291440017CA33 /* MockTeamNetworkServiceTest.swift */,
			);
			path = TeamTest;
			sourceTree = "<group>";
		};
		C8AF10E82BE282FD0049FD1D /* LeagueTest */ = {
			isa = PBXGroup;
			children = (
				C8AF10DD2BE269B10049FD1D /* LeaguesInteractorTests.swift */,
				C8AF10DF2BE26E350049FD1D /* MockLeagueNetworkServices.swift */,
				C8AF10E12BE272670049FD1D /* MockLeagueNetworkServiceTest.swift */,
			);
			path = LeagueTest;
			sourceTree = "<group>";
		};
		C8B1A7F32BDA700A004E794E /* Interactor */ = {
			isa = PBXGroup;
			children = (
				C8AA43952BDC2556006FF160 /* Network */,
				C8AA43942BDC253C006FF160 /* DB */,
			);
			path = Interactor;
			sourceTree = "<group>";
		};
		C8B852542BDAA3FB0044800E /* Extensions */ = {
			isa = PBXGroup;
			children = (
				C8B852552BDAA4C60044800E /* UIView+Extensions.swift */,
				C8CD6E692BDEA233006CDE4D /* CellCustomHeader+Extension.swift */,
			);
			path = Extensions;
			sourceTree = "<group>";
		};
		C8CD6E6B2BDEA5B0006CDE4D /* FavLeagues */ = {
			isa = PBXGroup;
			children = (
				C8A867DA2BDD3E9F001491E9 /* FavLeaguesTableViewController.swift */,
				C8A867D82BDD3E33001491E9 /* ImageAndLabelTableViewCell.swift */,
			);
			path = FavLeagues;
			sourceTree = "<group>";
		};
		C8CD6E6C2BDEA5E4006CDE4D /* Leagues */ = {
			isa = PBXGroup;
			children = (
				C88203302BDA563F00A36B05 /* LeaguesTableViewController.swift */,
				C8CD6E6D2BDEA60D006CDE4D /* LeagueTableViewCell.swift */,
			);
			path = Leagues;
			sourceTree = "<group>";
		};
/* End PBXGroup section */

/* Begin PBXNativeTarget section */
		C8073F252BD6C78C0037AD23 /* SportsApp */ = {
			isa = PBXNativeTarget;
			buildConfigurationList = C8073F3D2BD6C78E0037AD23 /* Build configuration list for PBXNativeTarget "SportsApp" */;
			buildPhases = (
				FCE317A9DCEF1450F5BF7217 /* [CP] Check Pods Manifest.lock */,
				C8073F222BD6C78C0037AD23 /* Sources */,
				C8073F232BD6C78C0037AD23 /* Frameworks */,
				C8073F242BD6C78C0037AD23 /* Resources */,
				A87C94640B33BD47A435D795 /* [CP] Embed Pods Frameworks */,
			);
			buildRules = (
			);
			dependencies = (
			);
			name = SportsApp;
			packageProductDependencies = (
			);
			productName = SportsApp;
			productReference = C8073F262BD6C78C0037AD23 /* SportsApp.app */;
			productType = "com.apple.product-type.application";
		};
		C8AF10D32BE2684D0049FD1D /* SportsAppTests */ = {
			isa = PBXNativeTarget;
			buildConfigurationList = C8AF10DC2BE2684D0049FD1D /* Build configuration list for PBXNativeTarget "SportsAppTests" */;
			buildPhases = (
				C8AF10D02BE2684D0049FD1D /* Sources */,
				C8AF10D12BE2684D0049FD1D /* Frameworks */,
				C8AF10D22BE2684D0049FD1D /* Resources */,
			);
			buildRules = (
			);
			dependencies = (
				C8AF10D92BE2684D0049FD1D /* PBXTargetDependency */,
			);
			name = SportsAppTests;
			productName = SportsAppTests;
			productReference = C8AF10D42BE2684D0049FD1D /* SportsAppTests.xctest */;
			productType = "com.apple.product-type.bundle.unit-test";
		};
/* End PBXNativeTarget section */

/* Begin PBXProject section */
		C8073F1E2BD6C78C0037AD23 /* Project object */ = {
			isa = PBXProject;
			attributes = {
				BuildIndependentTargetsInParallel = 1;
				LastSwiftUpdateCheck = 1420;
				LastUpgradeCheck = 1420;
				TargetAttributes = {
					C8073F252BD6C78C0037AD23 = {
						CreatedOnToolsVersion = 14.2;
					};
					C8AF10D32BE2684D0049FD1D = {
						CreatedOnToolsVersion = 14.2;
						TestTargetID = C8073F252BD6C78C0037AD23;
					};
				};
			};
			buildConfigurationList = C8073F212BD6C78C0037AD23 /* Build configuration list for PBXProject "SportsApp" */;
			compatibilityVersion = "Xcode 14.0";
			developmentRegion = en;
			hasScannedForEncodings = 0;
			knownRegions = (
				en,
				Base,
			);
			mainGroup = C8073F1D2BD6C78C0037AD23;
			packageReferences = (
			);
			productRefGroup = C8073F272BD6C78C0037AD23 /* Products */;
			projectDirPath = "";
			projectRoot = "";
			targets = (
				C8073F252BD6C78C0037AD23 /* SportsApp */,
				C8AF10D32BE2684D0049FD1D /* SportsAppTests */,
			);
		};
/* End PBXProject section */

/* Begin PBXResourcesBuildPhase section */
		C8073F242BD6C78C0037AD23 /* Resources */ = {
			isa = PBXResourcesBuildPhase;
			buildActionMask = 2147483647;
			files = (
				C8073F392BD6C78E0037AD23 /* LaunchScreen.storyboard in Resources */,
				C8073F362BD6C78E0037AD23 /* Assets.xcassets in Resources */,
				C8073F312BD6C78C0037AD23 /* Main.storyboard in Resources */,
				C82608EF2BD8375500993479 /* SportsCollectionViewCell.xib in Resources */,
				C8B179352BDED9F90067F5B3 /* Pacifico-Regular.ttf in Resources */,
			);
			runOnlyForDeploymentPostprocessing = 0;
		};
		C8AF10D22BE2684D0049FD1D /* Resources */ = {
			isa = PBXResourcesBuildPhase;
			buildActionMask = 2147483647;
			files = (
			);
			runOnlyForDeploymentPostprocessing = 0;
		};
/* End PBXResourcesBuildPhase section */

/* Begin PBXShellScriptBuildPhase section */
		A87C94640B33BD47A435D795 /* [CP] Embed Pods Frameworks */ = {
			isa = PBXShellScriptBuildPhase;
			buildActionMask = 2147483647;
			files = (
			);
			inputFileListPaths = (
				"${PODS_ROOT}/Target Support Files/Pods-SportsApp/Pods-SportsApp-frameworks-${CONFIGURATION}-input-files.xcfilelist",
			);
			name = "[CP] Embed Pods Frameworks";
			outputFileListPaths = (
				"${PODS_ROOT}/Target Support Files/Pods-SportsApp/Pods-SportsApp-frameworks-${CONFIGURATION}-output-files.xcfilelist",
			);
			runOnlyForDeploymentPostprocessing = 0;
			shellPath = /bin/sh;
			shellScript = "\"${PODS_ROOT}/Target Support Files/Pods-SportsApp/Pods-SportsApp-frameworks.sh\"\n";
			showEnvVarsInLog = 0;
		};
		FCE317A9DCEF1450F5BF7217 /* [CP] Check Pods Manifest.lock */ = {
			isa = PBXShellScriptBuildPhase;
			buildActionMask = 2147483647;
			files = (
			);
			inputFileListPaths = (
			);
			inputPaths = (
				"${PODS_PODFILE_DIR_PATH}/Podfile.lock",
				"${PODS_ROOT}/Manifest.lock",
			);
			name = "[CP] Check Pods Manifest.lock";
			outputFileListPaths = (
			);
			outputPaths = (
				"$(DERIVED_FILE_DIR)/Pods-SportsApp-checkManifestLockResult.txt",
			);
			runOnlyForDeploymentPostprocessing = 0;
			shellPath = /bin/sh;
			shellScript = "diff \"${PODS_PODFILE_DIR_PATH}/Podfile.lock\" \"${PODS_ROOT}/Manifest.lock\" > /dev/null\nif [ $? != 0 ] ; then\n    # print error to STDERR\n    echo \"error: The sandbox is not in sync with the Podfile.lock. Run 'pod install' or update your CocoaPods installation.\" >&2\n    exit 1\nfi\n# This output is used by Xcode 'outputs' to avoid re-running this script phase.\necho \"SUCCESS\" > \"${SCRIPT_OUTPUT_FILE_0}\"\n";
			showEnvVarsInLog = 0;
		};
/* End PBXShellScriptBuildPhase section */

/* Begin PBXSourcesBuildPhase section */
		C8073F222BD6C78C0037AD23 /* Sources */ = {
			isa = PBXSourcesBuildPhase;
			buildActionMask = 2147483647;
			files = (
				C8AAFF882BE1404D0048369C /* Team.swift in Sources */,
				0A1D97102BDD18FF00E6B2AD /* PlayerCustomCell.swift in Sources */,
				C8B1A7F92BDA79BE004E794E /* NetworkError.swift in Sources */,
				C8073F2E2BD6C78C0037AD23 /* ViewController.swift in Sources */,
				0A7F44092BDAF62100BDB5CA /* FixtureMatchesViewController.swift in Sources */,
				C88203332BDA573900A36B05 /* Constants.swift in Sources */,
				0AC747F42BDFDF0D0012622B /* TeamsCustomCell.swift in Sources */,
				C882032E2BDA4A4C00A36B05 /* SportsPresenterImp.swift in Sources */,
				C82608EE2BD8375500993479 /* SportsCollectionViewCell.swift in Sources */,
				C86482A12BD84E3C002C7797 /* SportItem.swift in Sources */,
				C8A867D92BDD3E33001491E9 /* ImageAndLabelTableViewCell.swift in Sources */,
				C8022B2E2BDBF4000064E778 /* CoreDataDatabase.swift in Sources */,
				C8B1A7F22BDA6D65004E794E /* LeaguesPresenterImp.swift in Sources */,
				C8AAFF8A2BE1408B0048369C /* Fixture.swift in Sources */,
				C8B0E23F2BDD70C200505740 /* FavoriteLeaguesPresenter.swift in Sources */,
				C8B179332BDEBC120067F5B3 /* NetworkIndicator.swift in Sources */,
				C8B0E2412BDD713400505740 /* FavoriteLeaguesPresenterImpl.swift in Sources */,
				C8CD6E6E2BDEA60D006CDE4D /* LeagueTableViewCell.swift in Sources */,
				C8A867DB2BDD3E9F001491E9 /* FavLeaguesTableViewController.swift in Sources */,
				C882032C2BDA45FB00A36B05 /* SportsPresenter.swift in Sources */,
				C8073F2A2BD6C78C0037AD23 /* AppDelegate.swift in Sources */,
				C8073F342BD6C78C0037AD23 /* SportsApp.xcdatamodeld in Sources */,
				0A7F440B2BDAF74200BDB5CA /* FixtureMatchesCell.swift in Sources */,
				0A7F44132BDB225600BDB5CA /* FixturesInteractorProtocol.swift in Sources */,
				C8AA43932BDC1CC3006FF160 /* TeamInteractorImp.swift in Sources */,
				0A7F44112BDB026400BDB5CA /* FixturesViewProtocol.swift in Sources */,
				C8B1A7F02BDA6D50004E794E /* LeaguesPresenter.swift in Sources */,
				C8073F2C2BD6C78C0037AD23 /* SceneDelegate.swift in Sources */,
				C8AA43912BDC1C73006FF160 /* TeamInteractor.swift in Sources */,
				C8CD6E6A2BDEA233006CDE4D /* CellCustomHeader+Extension.swift in Sources */,
				0A7F44152BDB227700BDB5CA /* FixturesInteractor.swift in Sources */,
				C8B852562BDAA4C60044800E /* UIView+Extensions.swift in Sources */,
				C8B1A7F52BDA7034004E794E /* LeaguesInteractor.swift in Sources */,
				0A7F440F2BDB01FE00BDB5CA /* FixturesPresenter.swift in Sources */,
				0AC747F22BDFCDCC0012622B /* HeaderCollectionReusableView.swift in Sources */,
				C8B1A7F72BDA7124004E794E /* LeaguesInteractorImp.swift in Sources */,
				0AC747F62BE008B30012622B /* AlertManager.swift in Sources */,
				C8AAFF8C2BE141320048369C /* TeamDetails.swift in Sources */,
				C88203312BDA563F00A36B05 /* LeaguesTableViewController.swift in Sources */,
				0A7F440D2BDB01E700BDB5CA /* FixturesPresenterProtocol.swift in Sources */,
				C88203352BDA582300A36B05 /* Sport.swift in Sources */,
				C8022B2C2BDBF3B30064E778 /* Database.swift in Sources */,
				C8AAFF842BE13C9E0048369C /* League.swift in Sources */,
				0A1D970D2BDD177F00E6B2AD /* TeamDetailsViewController.swift in Sources */,
			);
			runOnlyForDeploymentPostprocessing = 0;
		};
		C8AF10D02BE2684D0049FD1D /* Sources */ = {
			isa = PBXSourcesBuildPhase;
			buildActionMask = 2147483647;
			files = (
				0A26D0592BE2A76E00F69F1C /* FixturesMocking.swift in Sources */,
				0A26D05B2BE2A79100F69F1C /* FixturesMockingTest.swift in Sources */,
				C807B6CF2BE28F490017CA33 /* MockTeamNetworkServices.swift in Sources */,
				C8AF10E22BE272670049FD1D /* MockLeagueNetworkServiceTest.swift in Sources */,
				C8AF10E02BE26E350049FD1D /* MockLeagueNetworkServices.swift in Sources */,
				C8AF10D72BE2684D0049FD1D /* SportsAppTests.swift in Sources */,
				C807B6CD2BE28C740017CA33 /* ResponseWithError.swift in Sources */,
				C8AF10DE2BE269B10049FD1D /* LeaguesInteractorTests.swift in Sources */,
				C807B6D32BE291440017CA33 /* MockTeamNetworkServiceTest.swift in Sources */,
				C8AF10E72BE282F20049FD1D /* TeamsInteractorTests.swift in Sources */,
				0A26D05E2BE2ACB800F69F1C /* DatabaseTest.swift in Sources */,
				0A26D0572BE2A6CA00F69F1C /* FixturesInteractorTests.swift in Sources */,
			);
			runOnlyForDeploymentPostprocessing = 0;
		};
/* End PBXSourcesBuildPhase section */

/* Begin PBXTargetDependency section */
		C8AF10D92BE2684D0049FD1D /* PBXTargetDependency */ = {
			isa = PBXTargetDependency;
			target = C8073F252BD6C78C0037AD23 /* SportsApp */;
			targetProxy = C8AF10D82BE2684D0049FD1D /* PBXContainerItemProxy */;
		};
/* End PBXTargetDependency section */

/* Begin PBXVariantGroup section */
		C8073F2F2BD6C78C0037AD23 /* Main.storyboard */ = {
			isa = PBXVariantGroup;
			children = (
				C8073F302BD6C78C0037AD23 /* Base */,
			);
			name = Main.storyboard;
			sourceTree = "<group>";
		};
		C8073F372BD6C78E0037AD23 /* LaunchScreen.storyboard */ = {
			isa = PBXVariantGroup;
			children = (
				C8073F382BD6C78E0037AD23 /* Base */,
			);
			name = LaunchScreen.storyboard;
			sourceTree = "<group>";
		};
/* End PBXVariantGroup section */

/* Begin XCBuildConfiguration section */
		C8073F3B2BD6C78E0037AD23 /* Debug */ = {
			isa = XCBuildConfiguration;
			buildSettings = {
				ALWAYS_SEARCH_USER_PATHS = NO;
				CLANG_ANALYZER_NONNULL = YES;
				CLANG_ANALYZER_NUMBER_OBJECT_CONVERSION = YES_AGGRESSIVE;
				CLANG_CXX_LANGUAGE_STANDARD = "gnu++20";
				CLANG_ENABLE_MODULES = YES;
				CLANG_ENABLE_OBJC_ARC = YES;
				CLANG_ENABLE_OBJC_WEAK = YES;
				CLANG_WARN_BLOCK_CAPTURE_AUTORELEASING = YES;
				CLANG_WARN_BOOL_CONVERSION = YES;
				CLANG_WARN_COMMA = YES;
				CLANG_WARN_CONSTANT_CONVERSION = YES;
				CLANG_WARN_DEPRECATED_OBJC_IMPLEMENTATIONS = YES;
				CLANG_WARN_DIRECT_OBJC_ISA_USAGE = YES_ERROR;
				CLANG_WARN_DOCUMENTATION_COMMENTS = YES;
				CLANG_WARN_EMPTY_BODY = YES;
				CLANG_WARN_ENUM_CONVERSION = YES;
				CLANG_WARN_INFINITE_RECURSION = YES;
				CLANG_WARN_INT_CONVERSION = YES;
				CLANG_WARN_NON_LITERAL_NULL_CONVERSION = YES;
				CLANG_WARN_OBJC_IMPLICIT_RETAIN_SELF = YES;
				CLANG_WARN_OBJC_LITERAL_CONVERSION = YES;
				CLANG_WARN_OBJC_ROOT_CLASS = YES_ERROR;
				CLANG_WARN_QUOTED_INCLUDE_IN_FRAMEWORK_HEADER = YES;
				CLANG_WARN_RANGE_LOOP_ANALYSIS = YES;
				CLANG_WARN_STRICT_PROTOTYPES = YES;
				CLANG_WARN_SUSPICIOUS_MOVE = YES;
				CLANG_WARN_UNGUARDED_AVAILABILITY = YES_AGGRESSIVE;
				CLANG_WARN_UNREACHABLE_CODE = YES;
				CLANG_WARN__DUPLICATE_METHOD_MATCH = YES;
				COPY_PHASE_STRIP = NO;
				DEBUG_INFORMATION_FORMAT = dwarf;
				ENABLE_STRICT_OBJC_MSGSEND = YES;
				ENABLE_TESTABILITY = YES;
				GCC_C_LANGUAGE_STANDARD = gnu11;
				GCC_DYNAMIC_NO_PIC = NO;
				GCC_NO_COMMON_BLOCKS = YES;
				GCC_OPTIMIZATION_LEVEL = 0;
				GCC_PREPROCESSOR_DEFINITIONS = (
					"DEBUG=1",
					"$(inherited)",
				);
				GCC_WARN_64_TO_32_BIT_CONVERSION = YES;
				GCC_WARN_ABOUT_RETURN_TYPE = YES_ERROR;
				GCC_WARN_UNDECLARED_SELECTOR = YES;
				GCC_WARN_UNINITIALIZED_AUTOS = YES_AGGRESSIVE;
				GCC_WARN_UNUSED_FUNCTION = YES;
				GCC_WARN_UNUSED_VARIABLE = YES;
				IPHONEOS_DEPLOYMENT_TARGET = 16.2;
				MTL_ENABLE_DEBUG_INFO = INCLUDE_SOURCE;
				MTL_FAST_MATH = YES;
				ONLY_ACTIVE_ARCH = YES;
				SDKROOT = iphoneos;
				SWIFT_ACTIVE_COMPILATION_CONDITIONS = DEBUG;
				SWIFT_OPTIMIZATION_LEVEL = "-Onone";
			};
			name = Debug;
		};
		C8073F3C2BD6C78E0037AD23 /* Release */ = {
			isa = XCBuildConfiguration;
			buildSettings = {
				ALWAYS_SEARCH_USER_PATHS = NO;
				CLANG_ANALYZER_NONNULL = YES;
				CLANG_ANALYZER_NUMBER_OBJECT_CONVERSION = YES_AGGRESSIVE;
				CLANG_CXX_LANGUAGE_STANDARD = "gnu++20";
				CLANG_ENABLE_MODULES = YES;
				CLANG_ENABLE_OBJC_ARC = YES;
				CLANG_ENABLE_OBJC_WEAK = YES;
				CLANG_WARN_BLOCK_CAPTURE_AUTORELEASING = YES;
				CLANG_WARN_BOOL_CONVERSION = YES;
				CLANG_WARN_COMMA = YES;
				CLANG_WARN_CONSTANT_CONVERSION = YES;
				CLANG_WARN_DEPRECATED_OBJC_IMPLEMENTATIONS = YES;
				CLANG_WARN_DIRECT_OBJC_ISA_USAGE = YES_ERROR;
				CLANG_WARN_DOCUMENTATION_COMMENTS = YES;
				CLANG_WARN_EMPTY_BODY = YES;
				CLANG_WARN_ENUM_CONVERSION = YES;
				CLANG_WARN_INFINITE_RECURSION = YES;
				CLANG_WARN_INT_CONVERSION = YES;
				CLANG_WARN_NON_LITERAL_NULL_CONVERSION = YES;
				CLANG_WARN_OBJC_IMPLICIT_RETAIN_SELF = YES;
				CLANG_WARN_OBJC_LITERAL_CONVERSION = YES;
				CLANG_WARN_OBJC_ROOT_CLASS = YES_ERROR;
				CLANG_WARN_QUOTED_INCLUDE_IN_FRAMEWORK_HEADER = YES;
				CLANG_WARN_RANGE_LOOP_ANALYSIS = YES;
				CLANG_WARN_STRICT_PROTOTYPES = YES;
				CLANG_WARN_SUSPICIOUS_MOVE = YES;
				CLANG_WARN_UNGUARDED_AVAILABILITY = YES_AGGRESSIVE;
				CLANG_WARN_UNREACHABLE_CODE = YES;
				CLANG_WARN__DUPLICATE_METHOD_MATCH = YES;
				COPY_PHASE_STRIP = NO;
				DEBUG_INFORMATION_FORMAT = "dwarf-with-dsym";
				ENABLE_NS_ASSERTIONS = NO;
				ENABLE_STRICT_OBJC_MSGSEND = YES;
				GCC_C_LANGUAGE_STANDARD = gnu11;
				GCC_NO_COMMON_BLOCKS = YES;
				GCC_WARN_64_TO_32_BIT_CONVERSION = YES;
				GCC_WARN_ABOUT_RETURN_TYPE = YES_ERROR;
				GCC_WARN_UNDECLARED_SELECTOR = YES;
				GCC_WARN_UNINITIALIZED_AUTOS = YES_AGGRESSIVE;
				GCC_WARN_UNUSED_FUNCTION = YES;
				GCC_WARN_UNUSED_VARIABLE = YES;
				IPHONEOS_DEPLOYMENT_TARGET = 16.2;
				MTL_ENABLE_DEBUG_INFO = NO;
				MTL_FAST_MATH = YES;
				SDKROOT = iphoneos;
				SWIFT_COMPILATION_MODE = wholemodule;
				SWIFT_OPTIMIZATION_LEVEL = "-O";
				VALIDATE_PRODUCT = YES;
			};
			name = Release;
		};
		C8073F3E2BD6C78E0037AD23 /* Debug */ = {
			isa = XCBuildConfiguration;
			baseConfigurationReference = 4B289192DA853CDAC5F1963A /* Pods-SportsApp.debug.xcconfig */;
			buildSettings = {
				ASSETCATALOG_COMPILER_APPICON_NAME = AppIcon;
				ASSETCATALOG_COMPILER_GLOBAL_ACCENT_COLOR_NAME = AccentColor;
				CODE_SIGN_STYLE = Automatic;
				CURRENT_PROJECT_VERSION = 1;
				DEVELOPMENT_TEAM = ND3VY6WQHK;
				GENERATE_INFOPLIST_FILE = YES;
				INFOPLIST_FILE = SportsApp/Info.plist;
				INFOPLIST_KEY_UIApplicationSupportsIndirectInputEvents = YES;
				INFOPLIST_KEY_UILaunchStoryboardName = LaunchScreen;
				INFOPLIST_KEY_UIMainStoryboardFile = Main;
				INFOPLIST_KEY_UIStatusBarStyle = "";
				INFOPLIST_KEY_UISupportedInterfaceOrientations_iPad = "UIInterfaceOrientationPortrait UIInterfaceOrientationPortraitUpsideDown UIInterfaceOrientationLandscapeLeft UIInterfaceOrientationLandscapeRight";
				INFOPLIST_KEY_UISupportedInterfaceOrientations_iPhone = "UIInterfaceOrientationPortrait UIInterfaceOrientationLandscapeLeft UIInterfaceOrientationLandscapeRight";
				IPHONEOS_DEPLOYMENT_TARGET = 13.0;
				LD_RUNPATH_SEARCH_PATHS = (
					"$(inherited)",
					"@executable_path/Frameworks",
				);
				MARKETING_VERSION = 1.0;
				PRODUCT_BUNDLE_IDENTIFIER = iti.SportsApp;
				PRODUCT_NAME = "$(TARGET_NAME)";
				SWIFT_EMIT_LOC_STRINGS = YES;
				SWIFT_VERSION = 5.0;
				TARGETED_DEVICE_FAMILY = "1,2";
			};
			name = Debug;
		};
		C8073F3F2BD6C78E0037AD23 /* Release */ = {
			isa = XCBuildConfiguration;
			baseConfigurationReference = 4EAC5BC06C3654A6EA8CDACD /* Pods-SportsApp.release.xcconfig */;
			buildSettings = {
				ASSETCATALOG_COMPILER_APPICON_NAME = AppIcon;
				ASSETCATALOG_COMPILER_GLOBAL_ACCENT_COLOR_NAME = AccentColor;
				CODE_SIGN_STYLE = Automatic;
				CURRENT_PROJECT_VERSION = 1;
				DEVELOPMENT_TEAM = ND3VY6WQHK;
				GENERATE_INFOPLIST_FILE = YES;
				INFOPLIST_FILE = SportsApp/Info.plist;
				INFOPLIST_KEY_UIApplicationSupportsIndirectInputEvents = YES;
				INFOPLIST_KEY_UILaunchStoryboardName = LaunchScreen;
				INFOPLIST_KEY_UIMainStoryboardFile = Main;
				INFOPLIST_KEY_UIStatusBarStyle = "";
				INFOPLIST_KEY_UISupportedInterfaceOrientations_iPad = "UIInterfaceOrientationPortrait UIInterfaceOrientationPortraitUpsideDown UIInterfaceOrientationLandscapeLeft UIInterfaceOrientationLandscapeRight";
				INFOPLIST_KEY_UISupportedInterfaceOrientations_iPhone = "UIInterfaceOrientationPortrait UIInterfaceOrientationLandscapeLeft UIInterfaceOrientationLandscapeRight";
				IPHONEOS_DEPLOYMENT_TARGET = 13.0;
				LD_RUNPATH_SEARCH_PATHS = (
					"$(inherited)",
					"@executable_path/Frameworks",
				);
				MARKETING_VERSION = 1.0;
				PRODUCT_BUNDLE_IDENTIFIER = iti.SportsApp;
				PRODUCT_NAME = "$(TARGET_NAME)";
				SWIFT_EMIT_LOC_STRINGS = YES;
				SWIFT_VERSION = 5.0;
				TARGETED_DEVICE_FAMILY = "1,2";
			};
			name = Release;
		};
		C8AF10DA2BE2684D0049FD1D /* Debug */ = {
			isa = XCBuildConfiguration;
			buildSettings = {
				BUNDLE_LOADER = "$(TEST_HOST)";
				CODE_SIGN_STYLE = Automatic;
				CURRENT_PROJECT_VERSION = 1;
				GENERATE_INFOPLIST_FILE = YES;
				MARKETING_VERSION = 1.0;
				PRODUCT_BUNDLE_IDENTIFIER = iti.SportsAppTests;
				PRODUCT_NAME = "$(TARGET_NAME)";
				SWIFT_EMIT_LOC_STRINGS = NO;
				SWIFT_VERSION = 5.0;
				TARGETED_DEVICE_FAMILY = "1,2";
				TEST_HOST = "$(BUILT_PRODUCTS_DIR)/SportsApp.app/$(BUNDLE_EXECUTABLE_FOLDER_PATH)/SportsApp";
			};
			name = Debug;
		};
		C8AF10DB2BE2684D0049FD1D /* Release */ = {
			isa = XCBuildConfiguration;
			buildSettings = {
				BUNDLE_LOADER = "$(TEST_HOST)";
				CODE_SIGN_STYLE = Automatic;
				CURRENT_PROJECT_VERSION = 1;
				GENERATE_INFOPLIST_FILE = YES;
				MARKETING_VERSION = 1.0;
				PRODUCT_BUNDLE_IDENTIFIER = iti.SportsAppTests;
				PRODUCT_NAME = "$(TARGET_NAME)";
				SWIFT_EMIT_LOC_STRINGS = NO;
				SWIFT_VERSION = 5.0;
				TARGETED_DEVICE_FAMILY = "1,2";
				TEST_HOST = "$(BUILT_PRODUCTS_DIR)/SportsApp.app/$(BUNDLE_EXECUTABLE_FOLDER_PATH)/SportsApp";
			};
			name = Release;
		};
/* End XCBuildConfiguration section */

/* Begin XCConfigurationList section */
		C8073F212BD6C78C0037AD23 /* Build configuration list for PBXProject "SportsApp" */ = {
			isa = XCConfigurationList;
			buildConfigurations = (
				C8073F3B2BD6C78E0037AD23 /* Debug */,
				C8073F3C2BD6C78E0037AD23 /* Release */,
			);
			defaultConfigurationIsVisible = 0;
			defaultConfigurationName = Release;
		};
		C8073F3D2BD6C78E0037AD23 /* Build configuration list for PBXNativeTarget "SportsApp" */ = {
			isa = XCConfigurationList;
			buildConfigurations = (
				C8073F3E2BD6C78E0037AD23 /* Debug */,
				C8073F3F2BD6C78E0037AD23 /* Release */,
			);
			defaultConfigurationIsVisible = 0;
			defaultConfigurationName = Release;
		};
		C8AF10DC2BE2684D0049FD1D /* Build configuration list for PBXNativeTarget "SportsAppTests" */ = {
			isa = XCConfigurationList;
			buildConfigurations = (
				C8AF10DA2BE2684D0049FD1D /* Debug */,
				C8AF10DB2BE2684D0049FD1D /* Release */,
			);
			defaultConfigurationIsVisible = 0;
			defaultConfigurationName = Release;
		};
/* End XCConfigurationList section */

/* Begin XCVersionGroup section */
		C8073F322BD6C78C0037AD23 /* SportsApp.xcdatamodeld */ = {
			isa = XCVersionGroup;
			children = (
				C8073F332BD6C78C0037AD23 /* SportsApp.xcdatamodel */,
			);
			currentVersion = C8073F332BD6C78C0037AD23 /* SportsApp.xcdatamodel */;
			path = SportsApp.xcdatamodeld;
			sourceTree = "<group>";
			versionGroupType = wrapper.xcdatamodel;
		};
/* End XCVersionGroup section */
	};
	rootObject = C8073F1E2BD6C78C0037AD23 /* Project object */;
}
